
Microsoft Visual Studio Solution File, Format Version 12.00
# Visual Studio Version 16
VisualStudioVersion = 16.0.32002.261
MinimumVisualStudioVersion = 10.0.40219.1
Project("{FAE04EC0-301F-11D3-BF4B-00C04F79EFBC}") = "SRAD_MVC", "SRAD_MVC\SRAD_MVC.csproj", "{9D5442DA-056C-495A-B716-3DC70FB6DCA2}"
EndProject
Global
	GlobalSection(SolutionConfigurationPlatforms) = preSolution
		Debug|Any CPU = Debug|Any CPU
		Release|Any CPU = Release|Any CPU
	EndGlobalSection
	GlobalSection(ProjectConfigurationPlatforms) = postSolution
		{9D5442DA-056C-495A-B716-3DC70FB6DCA2}.Debug|Any CPU.ActiveCfg = Debug|Any CPU
		{9D5442DA-056C-495A-B716-3DC70FB6DCA2}.Debug|Any CPU.Build.0 = Debug|Any CPU
		{9D5442DA-056C-495A-B716-3DC70FB6DCA2}.Release|Any CPU.ActiveCfg = Release|Any CPU
		{9D5442DA-056C-495A-B716-3DC70FB6DCA2}.Release|Any CPU.Build.0 = Release|Any CPU
	EndGlobalSection
	GlobalSection(SolutionProperties) = preSolution
		HideSolutionNode = FALSE
	EndGlobalSection
	GlobalSection(ExtensibilityGlobals) = postSolution
		SolutionGuid = {56F32C81-2550-433D-A4D6-BF95BFE9DDB2}
	EndGlobalSection
EndGlobal
